<?xml version="1.0" encoding="utf-8"?>
<Project ToolsVersion="17.0" xmlns="http://schemas.microsoft.com/developer/msbuild/2003">
  <ItemGroup>
    <CustomBuild Include="C:\Home\Work\Windows\Kernel\stlkrn\deps\vcrtl\CMakeFiles\c9ddc5a9505b228bbfaf701bff67f147\generate.stamp.rule">
      <Filter>CMake Rules</Filter>
    </CustomBuild>
  </ItemGroup>
  <ItemGroup>
    <Filter Include="CMake Rules">
      <UniqueIdentifier>{B7D64326-4C7B-33F0-8A19-94510CAC1749}</UniqueIdentifier>
    </Filter>
  </ItemGroup>
</Project>
